// !$*UTF8*$!
{
	archiveVersion = 1;
	classes = {
	};
	objectVersion = 56;
	objects = {

/* Begin PBXBuildFile section */
		5B42E6742D524E12003CA2A5 /* SnowballSPApp.swift in Sources */ = {isa = PBXBuildFile; fileRef = 5B42E6732D524E12003CA2A5 /* SnowballSPApp.swift */; };
		5B42E6762D524E12003CA2A5 /* ContentView.swift in Sources */ = {isa = PBXBuildFile; fileRef = 5B42E6752D524E12003CA2A5 /* ContentView.swift */; };
		5B42E6782D524E14003CA2A5 /* Assets.xcassets in Resources */ = {isa = PBXBuildFile; fileRef = 5B42E6772D524E14003CA2A5 /* Assets.xcassets */; };
		5B42E67C2D524E14003CA2A5 /* Preview Assets.xcassets in Resources */ = {isa = PBXBuildFile; fileRef = 5B42E67B2D524E14003CA2A5 /* Preview Assets.xcassets */; };
		5B42E6862D524E14003CA2A5 /* SnowballSPTests.swift in Sources */ = {isa = PBXBuildFile; fileRef = 5B42E6852D524E14003CA2A5 /* SnowballSPTests.swift */; };
		5B42E6902D524E14003CA2A5 /* SnowballSPUITests.swift in Sources */ = {isa = PBXBuildFile; fileRef = 5B42E68F2D524E14003CA2A5 /* SnowballSPUITests.swift */; };
		5B42E6922D524E14003CA2A5 /* SnowballSPUITestsLaunchTests.swift in Sources */ = {isa = PBXBuildFile; fileRef = 5B42E6912D524E14003CA2A5 /* SnowballSPUITestsLaunchTests.swift */; };
		5B42E69F2D524F3A003CA2A5 /* TimerPage.swift in Sources */ = {isa = PBXBuildFile; fileRef = 5B42E69E2D524F3A003CA2A5 /* TimerPage.swift */; };
		5B42E6A12D524F54003CA2A5 /* StatisticsPage.swift in Sources */ = {isa = PBXBuildFile; fileRef = 5B42E6A02D524F54003CA2A5 /* StatisticsPage.swift */; };
		5B42E6A32D524F65003CA2A5 /* DeployPage.swift in Sources */ = {isa = PBXBuildFile; fileRef = 5B42E6A22D524F65003CA2A5 /* DeployPage.swift */; };
		5B42E6A52D524F78003CA2A5 /* ScanAreaPage.swift in Sources */ = {isa = PBXBuildFile; fileRef = 5B42E6A42D524F78003CA2A5 /* ScanAreaPage.swift */; };
		5B42E6A72D5254D7003CA2A5 /* ScanInProgressPage.swift in Sources */ = {isa = PBXBuildFile; fileRef = 5B42E6A62D5254D7003CA2A5 /* ScanInProgressPage.swift */; };
		5B42E6A92D526329003CA2A5 /* UseSaltPage.swift in Sources */ = {isa = PBXBuildFile; fileRef = 5B42E6A82D526329003CA2A5 /* UseSaltPage.swift */; };
		5B42E6AB2D526346003CA2A5 /* ScanRunningPage.swift in Sources */ = {isa = PBXBuildFile; fileRef = 5B42E6AA2D526346003CA2A5 /* ScanRunningPage.swift */; };
		5B42E71B2D543697003CA2A5 /* TimerArea.swift in Sources */ = {isa = PBXBuildFile; fileRef = 5B42E71A2D543697003CA2A5 /* TimerArea.swift */; };
		5B42E71D2D543705003CA2A5 /* SelectDayPage.swift in Sources */ = {isa = PBXBuildFile; fileRef = 5B42E71C2D543705003CA2A5 /* SelectDayPage.swift */; };
/* End PBXBuildFile section */

/* Begin PBXContainerItemProxy section */
		5B42E6822D524E14003CA2A5 /* PBXContainerItemProxy */ = {
			isa = PBXContainerItemProxy;
			containerPortal = 5B42E6682D524E12003CA2A5 /* Project object */;
			proxyType = 1;
			remoteGlobalIDString = 5B42E66F2D524E12003CA2A5;
			remoteInfo = SnowballSP;
		};
		5B42E68C2D524E14003CA2A5 /* PBXContainerItemProxy */ = {
			isa = PBXContainerItemProxy;
			containerPortal = 5B42E6682D524E12003CA2A5 /* Project object */;
			proxyType = 1;
			remoteGlobalIDString = 5B42E66F2D524E12003CA2A5;
			remoteInfo = SnowballSP;
		};
/* End PBXContainerItemProxy section */

/* Begin PBXFileReference section */
		5B42E6702D524E12003CA2A5 /* SnowballSP.app */ = {isa = PBXFileReference; explicitFileType = wrapper.application; includeInIndex = 0; path = SnowballSP.app; sourceTree = BUILT_PRODUCTS_DIR; };
		5B42E6732D524E12003CA2A5 /* SnowballSPApp.swift */ = {isa = PBXFileReference; lastKnownFileType = sourcecode.swift; path = SnowballSPApp.swift; sourceTree = "<group>"; };
		5B42E6752D524E12003CA2A5 /* ContentView.swift */ = {isa = PBXFileReference; lastKnownFileType = sourcecode.swift; path = ContentView.swift; sourceTree = "<group>"; };
		5B42E6772D524E14003CA2A5 /* Assets.xcassets */ = {isa = PBXFileReference; lastKnownFileType = folder.assetcatalog; path = Assets.xcassets; sourceTree = "<group>"; };
		5B42E6792D524E14003CA2A5 /* SnowballSP.entitlements */ = {isa = PBXFileReference; lastKnownFileType = text.plist.entitlements; path = SnowballSP.entitlements; sourceTree = "<group>"; };
		5B42E67B2D524E14003CA2A5 /* Preview Assets.xcassets */ = {isa = PBXFileReference; lastKnownFileType = folder.assetcatalog; path = "Preview Assets.xcassets"; sourceTree = "<group>"; };
		5B42E6812D524E14003CA2A5 /* SnowballSPTests.xctest */ = {isa = PBXFileReference; explicitFileType = wrapper.cfbundle; includeInIndex = 0; path = SnowballSPTests.xctest; sourceTree = BUILT_PRODUCTS_DIR; };
		5B42E6852D524E14003CA2A5 /* SnowballSPTests.swift */ = {isa = PBXFileReference; lastKnownFileType = sourcecode.swift; path = SnowballSPTests.swift; sourceTree = "<group>"; };
		5B42E68B2D524E14003CA2A5 /* SnowballSPUITests.xctest */ = {isa = PBXFileReference; explicitFileType = wrapper.cfbundle; includeInIndex = 0; path = SnowballSPUITests.xctest; sourceTree = BUILT_PRODUCTS_DIR; };
		5B42E68F2D524E14003CA2A5 /* SnowballSPUITests.swift */ = {isa = PBXFileReference; lastKnownFileType = sourcecode.swift; path = SnowballSPUITests.swift; sourceTree = "<group>"; };
		5B42E6912D524E14003CA2A5 /* SnowballSPUITestsLaunchTests.swift */ = {isa = PBXFileReference; lastKnownFileType = sourcecode.swift; path = SnowballSPUITestsLaunchTests.swift; sourceTree = "<group>"; };
		5B42E69E2D524F3A003CA2A5 /* TimerPage.swift */ = {isa = PBXFileReference; lastKnownFileType = sourcecode.swift; path = TimerPage.swift; sourceTree = "<group>"; };
		5B42E6A02D524F54003CA2A5 /* StatisticsPage.swift */ = {isa = PBXFileReference; lastKnownFileType = sourcecode.swift; path = StatisticsPage.swift; sourceTree = "<group>"; };
		5B42E6A22D524F65003CA2A5 /* DeployPage.swift */ = {isa = PBXFileReference; lastKnownFileType = sourcecode.swift; path = DeployPage.swift; sourceTree = "<group>"; };
		5B42E6A42D524F78003CA2A5 /* ScanAreaPage.swift */ = {isa = PBXFileReference; lastKnownFileType = sourcecode.swift; path = ScanAreaPage.swift; sourceTree = "<group>"; };
		5B42E6A62D5254D7003CA2A5 /* ScanInProgressPage.swift */ = {isa = PBXFileReference; lastKnownFileType = sourcecode.swift; path = ScanInProgressPage.swift; sourceTree = "<group>"; };
		5B42E6A82D526329003CA2A5 /* UseSaltPage.swift */ = {isa = PBXFileReference; lastKnownFileType = sourcecode.swift; path = UseSaltPage.swift; sourceTree = "<group>"; };
		5B42E6AA2D526346003CA2A5 /* ScanRunningPage.swift */ = {isa = PBXFileReference; lastKnownFileType = sourcecode.swift; path = ScanRunningPage.swift; sourceTree = "<group>"; };
		5B42E71A2D543697003CA2A5 /* TimerArea.swift */ = {isa = PBXFileReference; lastKnownFileType = sourcecode.swift; path = TimerArea.swift; sourceTree = "<group>"; };
		5B42E71C2D543705003CA2A5 /* SelectDayPage.swift */ = {isa = PBXFileReference; lastKnownFileType = sourcecode.swift; path = SelectDayPage.swift; sourceTree = "<group>"; };
/* End PBXFileReference section */

/* Begin PBXFrameworksBuildPhase section */
		5B42E66D2D524E12003CA2A5 /* Frameworks */ = {
			isa = PBXFrameworksBuildPhase;
			buildActionMask = 2147483647;
			files = (
			);
			runOnlyForDeploymentPostprocessing = 0;
		};
		5B42E67E2D524E14003CA2A5 /* Frameworks */ = {
			isa = PBXFrameworksBuildPhase;
			buildActionMask = 2147483647;
			files = (
			);
			runOnlyForDeploymentPostprocessing = 0;
		};
		5B42E6882D524E14003CA2A5 /* Frameworks */ = {
			isa = PBXFrameworksBuildPhase;
			buildActionMask = 2147483647;
			files = (
			);
			runOnlyForDeploymentPostprocessing = 0;
		};
/* End PBXFrameworksBuildPhase section */

/* Begin PBXGroup section */
		5B42E6672D524E12003CA2A5 = {
			isa = PBXGroup;
			children = (
				5B42E6722D524E12003CA2A5 /* SnowballSP */,
				5B42E6842D524E14003CA2A5 /* SnowballSPTests */,
				5B42E68E2D524E14003CA2A5 /* SnowballSPUITests */,
				5B42E6712D524E12003CA2A5 /* Products */,
			);
			sourceTree = "<group>";
		};
		5B42E6712D524E12003CA2A5 /* Products */ = {
			isa = PBXGroup;
			children = (
				5B42E6702D524E12003CA2A5 /* SnowballSP.app */,
				5B42E6812D524E14003CA2A5 /* SnowballSPTests.xctest */,
				5B42E68B2D524E14003CA2A5 /* SnowballSPUITests.xctest */,
			);
			name = Products;
			sourceTree = "<group>";
		};
		5B42E6722D524E12003CA2A5 /* SnowballSP */ = {
			isa = PBXGroup;
			children = (
				5B42E6732D524E12003CA2A5 /* SnowballSPApp.swift */,
				5B42E6752D524E12003CA2A5 /* ContentView.swift */,
				5B42E69E2D524F3A003CA2A5 /* TimerPage.swift */,
				5B42E71A2D543697003CA2A5 /* TimerArea.swift */,
				5B42E71C2D543705003CA2A5 /* SelectDayPage.swift */,
				5B42E6A02D524F54003CA2A5 /* StatisticsPage.swift */,
				5B42E6A22D524F65003CA2A5 /* DeployPage.swift */,
				5B42E6A82D526329003CA2A5 /* UseSaltPage.swift */,
				5B42E6AA2D526346003CA2A5 /* ScanRunningPage.swift */,
				5B42E6A42D524F78003CA2A5 /* ScanAreaPage.swift */,
				5B42E6A62D5254D7003CA2A5 /* ScanInProgressPage.swift */,
				5B42E6772D524E14003CA2A5 /* Assets.xcassets */,
				5B42E6792D524E14003CA2A5 /* SnowballSP.entitlements */,
				5B42E67A2D524E14003CA2A5 /* Preview Content */,
			);
			path = SnowballSP;
			sourceTree = "<group>";
		};
		5B42E67A2D524E14003CA2A5 /* Preview Content */ = {
			isa = PBXGroup;
			children = (
				5B42E67B2D524E14003CA2A5 /* Preview Assets.xcassets */,
			);
			path = "Preview Content";
			sourceTree = "<group>";
		};
		5B42E6842D524E14003CA2A5 /* SnowballSPTests */ = {
			isa = PBXGroup;
			children = (
				5B42E6852D524E14003CA2A5 /* SnowballSPTests.swift */,
			);
			path = SnowballSPTests;
			sourceTree = "<group>";
		};
		5B42E68E2D524E14003CA2A5 /* SnowballSPUITests */ = {
			isa = PBXGroup;
			children = (
				5B42E68F2D524E14003CA2A5 /* SnowballSPUITests.swift */,
				5B42E6912D524E14003CA2A5 /* SnowballSPUITestsLaunchTests.swift */,
			);
			path = SnowballSPUITests;
			sourceTree = "<group>";
		};
/* End PBXGroup section */

/* Begin PBXNativeTarget section */
		5B42E66F2D524E12003CA2A5 /* SnowballSP */ = {
			isa = PBXNativeTarget;
			buildConfigurationList = 5B42E6952D524E14003CA2A5 /* Build configuration list for PBXNativeTarget "SnowballSP" */;
			buildPhases = (
				5B42E66C2D524E12003CA2A5 /* Sources */,
				5B42E66D2D524E12003CA2A5 /* Frameworks */,
				5B42E66E2D524E12003CA2A5 /* Resources */,
			);
			buildRules = (
			);
			dependencies = (
			);
			name = SnowballSP;
			productName = SnowballSP;
			productReference = 5B42E6702D524E12003CA2A5 /* SnowballSP.app */;
			productType = "com.apple.product-type.application";
		};
		5B42E6802D524E14003CA2A5 /* SnowballSPTests */ = {
			isa = PBXNativeTarget;
			buildConfigurationList = 5B42E6982D524E14003CA2A5 /* Build configuration list for PBXNativeTarget "SnowballSPTests" */;
			buildPhases = (
				5B42E67D2D524E14003CA2A5 /* Sources */,
				5B42E67E2D524E14003CA2A5 /* Frameworks */,
				5B42E67F2D524E14003CA2A5 /* Resources */,
			);
			buildRules = (
			);
			dependencies = (
				5B42E6832D524E14003CA2A5 /* PBXTargetDependency */,
			);
			name = SnowballSPTests;
			productName = SnowballSPTests;
			productReference = 5B42E6812D524E14003CA2A5 /* SnowballSPTests.xctest */;
			productType = "com.apple.product-type.bundle.unit-test";
		};
		5B42E68A2D524E14003CA2A5 /* SnowballSPUITests */ = {
			isa = PBXNativeTarget;
			buildConfigurationList = 5B42E69B2D524E14003CA2A5 /* Build configuration list for PBXNativeTarget "SnowballSPUITests" */;
			buildPhases = (
				5B42E6872D524E14003CA2A5 /* Sources */,
				5B42E6882D524E14003CA2A5 /* Frameworks */,
				5B42E6892D524E14003CA2A5 /* Resources */,
			);
			buildRules = (
			);
			dependencies = (
				5B42E68D2D524E14003CA2A5 /* PBXTargetDependency */,
			);
			name = SnowballSPUITests;
			productName = SnowballSPUITests;
			productReference = 5B42E68B2D524E14003CA2A5 /* SnowballSPUITests.xctest */;
			productType = "com.apple.product-type.bundle.ui-testing";
		};
/* End PBXNativeTarget section */

/* Begin PBXProject section */
		5B42E6682D524E12003CA2A5 /* Project object */ = {
			isa = PBXProject;
			attributes = {
				BuildIndependentTargetsInParallel = 1;
				LastSwiftUpdateCheck = 1520;
				LastUpgradeCheck = 1520;
				TargetAttributes = {
					5B42E66F2D524E12003CA2A5 = {
						CreatedOnToolsVersion = 15.2;
					};
					5B42E6802D524E14003CA2A5 = {
						CreatedOnToolsVersion = 15.2;
						TestTargetID = 5B42E66F2D524E12003CA2A5;
					};
					5B42E68A2D524E14003CA2A5 = {
						CreatedOnToolsVersion = 15.2;
						TestTargetID = 5B42E66F2D524E12003CA2A5;
					};
				};
			};
			buildConfigurationList = 5B42E66B2D524E12003CA2A5 /* Build configuration list for PBXProject "SnowballSP" */;
			compatibilityVersion = "Xcode 14.0";
			developmentRegion = en;
			hasScannedForEncodings = 0;
			knownRegions = (
				en,
				Base,
			);
			mainGroup = 5B42E6672D524E12003CA2A5;
			productRefGroup = 5B42E6712D524E12003CA2A5 /* Products */;
			projectDirPath = "";
			projectRoot = "";
			targets = (
				5B42E66F2D524E12003CA2A5 /* SnowballSP */,
				5B42E6802D524E14003CA2A5 /* SnowballSPTests */,
				5B42E68A2D524E14003CA2A5 /* SnowballSPUITests */,
			);
		};
/* End PBXProject section */

/* Begin PBXResourcesBuildPhase section */
		5B42E66E2D524E12003CA2A5 /* Resources */ = {
			isa = PBXResourcesBuildPhase;
			buildActionMask = 2147483647;
			files = (
				5B42E67C2D524E14003CA2A5 /* Preview Assets.xcassets in Resources */,
				5B42E6782D524E14003CA2A5 /* Assets.xcassets in Resources */,
			);
			runOnlyForDeploymentPostprocessing = 0;
		};
		5B42E67F2D524E14003CA2A5 /* Resources */ = {
			isa = PBXResourcesBuildPhase;
			buildActionMask = 2147483647;
			files = (
			);
			runOnlyForDeploymentPostprocessing = 0;
		};
		5B42E6892D524E14003CA2A5 /* Resources */ = {
			isa = PBXResourcesBuildPhase;
			buildActionMask = 2147483647;
			files = (
			);
			runOnlyForDeploymentPostprocessing = 0;
		};
/* End PBXResourcesBuildPhase section */

/* Begin PBXSourcesBuildPhase section */
		5B42E66C2D524E12003CA2A5 /* Sources */ = {
			isa = PBXSourcesBuildPhase;
			buildActionMask = 2147483647;
			files = (
				5B42E71B2D543697003CA2A5 /* TimerArea.swift in Sources */,
				5B42E6A52D524F78003CA2A5 /* ScanAreaPage.swift in Sources */,
				5B42E6AB2D526346003CA2A5 /* ScanRunningPage.swift in Sources */,
				5B42E6762D524E12003CA2A5 /* ContentView.swift in Sources */,
				5B42E6A92D526329003CA2A5 /* UseSaltPage.swift in Sources */,
				5B42E69F2D524F3A003CA2A5 /* TimerPage.swift in Sources */,
				5B42E71D2D543705003CA2A5 /* SelectDayPage.swift in Sources */,
				5B42E6A32D524F65003CA2A5 /* DeployPage.swift in Sources */,
				5B42E6742D524E12003CA2A5 /* SnowballSPApp.swift in Sources */,
				5B42E6A72D5254D7003CA2A5 /* ScanInProgressPage.swift in Sources */,
				5B42E6A12D524F54003CA2A5 /* StatisticsPage.swift in Sources */,
			);
			runOnlyForDeploymentPostprocessing = 0;
		};
		5B42E67D2D524E14003CA2A5 /* Sources */ = {
			isa = PBXSourcesBuildPhase;
			buildActionMask = 2147483647;
			files = (
				5B42E6862D524E14003CA2A5 /* SnowballSPTests.swift in Sources */,
			);
			runOnlyForDeploymentPostprocessing = 0;
		};
		5B42E6872D524E14003CA2A5 /* Sources */ = {
			isa = PBXSourcesBuildPhase;
			buildActionMask = 2147483647;
			files = (
				5B42E6902D524E14003CA2A5 /* SnowballSPUITests.swift in Sources */,
				5B42E6922D524E14003CA2A5 /* SnowballSPUITestsLaunchTests.swift in Sources */,
			);
			runOnlyForDeploymentPostprocessing = 0;
		};
/* End PBXSourcesBuildPhase section */

/* Begin PBXTargetDependency section */
		5B42E6832D524E14003CA2A5 /* PBXTargetDependency */ = {
			isa = PBXTargetDependency;
			target = 5B42E66F2D524E12003CA2A5 /* SnowballSP */;
			targetProxy = 5B42E6822D524E14003CA2A5 /* PBXContainerItemProxy */;
		};
		5B42E68D2D524E14003CA2A5 /* PBXTargetDependency */ = {
			isa = PBXTargetDependency;
			target = 5B42E66F2D524E12003CA2A5 /* SnowballSP */;
			targetProxy = 5B42E68C2D524E14003CA2A5 /* PBXContainerItemProxy */;
		};
/* End PBXTargetDependency section */

/* Begin XCBuildConfiguration section */
		5B42E6932D524E14003CA2A5 /* Debug */ = {
			isa = XCBuildConfiguration;
			buildSettings = {
				ALWAYS_SEARCH_USER_PATHS = NO;
				ASSETCATALOG_COMPILER_GENERATE_SWIFT_ASSET_SYMBOL_EXTENSIONS = YES;
				CLANG_ANALYZER_NONNULL = YES;
				CLANG_ANALYZER_NUMBER_OBJECT_CONVERSION = YES_AGGRESSIVE;
				CLANG_CXX_LANGUAGE_STANDARD = "gnu++20";
				CLANG_ENABLE_MODULES = YES;
				CLANG_ENABLE_OBJC_ARC = YES;
				CLANG_ENABLE_OBJC_WEAK = YES;
				CLANG_WARN_BLOCK_CAPTURE_AUTORELEASING = YES;
				CLANG_WARN_BOOL_CONVERSION = YES;
				CLANG_WARN_COMMA = YES;
				CLANG_WARN_CONSTANT_CONVERSION = YES;
				CLANG_WARN_DEPRECATED_OBJC_IMPLEMENTATIONS = YES;
				CLANG_WARN_DIRECT_OBJC_ISA_USAGE = YES_ERROR;
				CLANG_WARN_DOCUMENTATION_COMMENTS = YES;
				CLANG_WARN_EMPTY_BODY = YES;
				CLANG_WARN_ENUM_CONVERSION = YES;
				CLANG_WARN_INFINITE_RECURSION = YES;
				CLANG_WARN_INT_CONVERSION = YES;
				CLANG_WARN_NON_LITERAL_NULL_CONVERSION = YES;
				CLANG_WARN_OBJC_IMPLICIT_RETAIN_SELF = YES;
				CLANG_WARN_OBJC_LITERAL_CONVERSION = YES;
				CLANG_WARN_OBJC_ROOT_CLASS = YES_ERROR;
				CLANG_WARN_QUOTED_INCLUDE_IN_FRAMEWORK_HEADER = YES;
				CLANG_WARN_RANGE_LOOP_ANALYSIS = YES;
				CLANG_WARN_STRICT_PROTOTYPES = YES;
				CLANG_WARN_SUSPICIOUS_MOVE = YES;
				CLANG_WARN_UNGUARDED_AVAILABILITY = YES_AGGRESSIVE;
				CLANG_WARN_UNREACHABLE_CODE = YES;
				CLANG_WARN__DUPLICATE_METHOD_MATCH = YES;
				COPY_PHASE_STRIP = NO;
				DEBUG_INFORMATION_FORMAT = dwarf;
				ENABLE_STRICT_OBJC_MSGSEND = YES;
				ENABLE_TESTABILITY = YES;
				ENABLE_USER_SCRIPT_SANDBOXING = YES;
				GCC_C_LANGUAGE_STANDARD = gnu17;
				GCC_DYNAMIC_NO_PIC = NO;
				GCC_NO_COMMON_BLOCKS = YES;
				GCC_OPTIMIZATION_LEVEL = 0;
				GCC_PREPROCESSOR_DEFINITIONS = (
					"DEBUG=1",
					"$(inherited)",
				);
				GCC_WARN_64_TO_32_BIT_CONVERSION = YES;
				GCC_WARN_ABOUT_RETURN_TYPE = YES_ERROR;
				GCC_WARN_UNDECLARED_SELECTOR = YES;
				GCC_WARN_UNINITIALIZED_AUTOS = YES_AGGRESSIVE;
				GCC_WARN_UNUSED_FUNCTION = YES;
				GCC_WARN_UNUSED_VARIABLE = YES;
				LOCALIZATION_PREFERS_STRING_CATALOGS = YES;
				MTL_ENABLE_DEBUG_INFO = INCLUDE_SOURCE;
				MTL_FAST_MATH = YES;
				ONLY_ACTIVE_ARCH = YES;
				SWIFT_ACTIVE_COMPILATION_CONDITIONS = "DEBUG $(inherited)";
				SWIFT_OPTIMIZATION_LEVEL = "-Onone";
			};
			name = Debug;
		};
		5B42E6942D524E14003CA2A5 /* Release */ = {
			isa = XCBuildConfiguration;
			buildSettings = {
				ALWAYS_SEARCH_USER_PATHS = NO;
				ASSETCATALOG_COMPILER_GENERATE_SWIFT_ASSET_SYMBOL_EXTENSIONS = YES;
				CLANG_ANALYZER_NONNULL = YES;
				CLANG_ANALYZER_NUMBER_OBJECT_CONVERSION = YES_AGGRESSIVE;
				CLANG_CXX_LANGUAGE_STANDARD = "gnu++20";
				CLANG_ENABLE_MODULES = YES;
				CLANG_ENABLE_OBJC_ARC = YES;
				CLANG_ENABLE_OBJC_WEAK = YES;
				CLANG_WARN_BLOCK_CAPTURE_AUTORELEASING = YES;
				CLANG_WARN_BOOL_CONVERSION = YES;
				CLANG_WARN_COMMA = YES;
				CLANG_WARN_CONSTANT_CONVERSION = YES;
				CLANG_WARN_DEPRECATED_OBJC_IMPLEMENTATIONS = YES;
				CLANG_WARN_DIRECT_OBJC_ISA_USAGE = YES_ERROR;
				CLANG_WARN_DOCUMENTATION_COMMENTS = YES;
				CLANG_WARN_EMPTY_BODY = YES;
				CLANG_WARN_ENUM_CONVERSION = YES;
				CLANG_WARN_INFINITE_RECURSION = YES;
				CLANG_WARN_INT_CONVERSION = YES;
				CLANG_WARN_NON_LITERAL_NULL_CONVERSION = YES;
				CLANG_WARN_OBJC_IMPLICIT_RETAIN_SELF = YES;
				CLANG_WARN_OBJC_LITERAL_CONVERSION = YES;
				CLANG_WARN_OBJC_ROOT_CLASS = YES_ERROR;
				CLANG_WARN_QUOTED_INCLUDE_IN_FRAMEWORK_HEADER = YES;
				CLANG_WARN_RANGE_LOOP_ANALYSIS = YES;
				CLANG_WARN_STRICT_PROTOTYPES = YES;
				CLANG_WARN_SUSPICIOUS_MOVE = YES;
				CLANG_WARN_UNGUARDED_AVAILABILITY = YES_AGGRESSIVE;
				CLANG_WARN_UNREACHABLE_CODE = YES;
				CLANG_WARN__DUPLICATE_METHOD_MATCH = YES;
				COPY_PHASE_STRIP = NO;
				DEBUG_INFORMATION_FORMAT = "dwarf-with-dsym";
				ENABLE_NS_ASSERTIONS = NO;
				ENABLE_STRICT_OBJC_MSGSEND = YES;
				ENABLE_USER_SCRIPT_SANDBOXING = YES;
				GCC_C_LANGUAGE_STANDARD = gnu17;
				GCC_NO_COMMON_BLOCKS = YES;
				GCC_WARN_64_TO_32_BIT_CONVERSION = YES;
				GCC_WARN_ABOUT_RETURN_TYPE = YES_ERROR;
				GCC_WARN_UNDECLARED_SELECTOR = YES;
				GCC_WARN_UNINITIALIZED_AUTOS = YES_AGGRESSIVE;
				GCC_WARN_UNUSED_FUNCTION = YES;
				GCC_WARN_UNUSED_VARIABLE = YES;
				LOCALIZATION_PREFERS_STRING_CATALOGS = YES;
				MTL_ENABLE_DEBUG_INFO = NO;
				MTL_FAST_MATH = YES;
				SWIFT_COMPILATION_MODE = wholemodule;
			};
			name = Release;
		};
		5B42E6962D524E14003CA2A5 /* Debug */ = {
			isa = XCBuildConfiguration;
			buildSettings = {
				ASSETCATALOG_COMPILER_APPICON_NAME = AppIcon;
				ASSETCATALOG_COMPILER_GLOBAL_ACCENT_COLOR_NAME = AccentColor;
				CODE_SIGN_ENTITLEMENTS = SnowballSP/SnowballSP.entitlements;
				CODE_SIGN_STYLE = Automatic;
				CURRENT_PROJECT_VERSION = 1;
				DEVELOPMENT_ASSET_PATHS = "\"SnowballSP/Preview Content\"";
				ENABLE_PREVIEWS = YES;
				GENERATE_INFOPLIST_FILE = YES;
				"INFOPLIST_KEY_UIApplicationSceneManifest_Generation[sdk=iphoneos*]" = YES;
				"INFOPLIST_KEY_UIApplicationSceneManifest_Generation[sdk=iphonesimulator*]" = YES;
				"INFOPLIST_KEY_UIApplicationSupportsIndirectInputEvents[sdk=iphoneos*]" = YES;
				"INFOPLIST_KEY_UIApplicationSupportsIndirectInputEvents[sdk=iphonesimulator*]" = YES;
				"INFOPLIST_KEY_UILaunchScreen_Generation[sdk=iphoneos*]" = YES;
				"INFOPLIST_KEY_UILaunchScreen_Generation[sdk=iphonesimulator*]" = YES;
				"INFOPLIST_KEY_UIStatusBarStyle[sdk=iphoneos*]" = UIStatusBarStyleDefault;
				"INFOPLIST_KEY_UIStatusBarStyle[sdk=iphonesimulator*]" = UIStatusBarStyleDefault;
				INFOPLIST_KEY_UISupportedInterfaceOrientations_iPad = "UIInterfaceOrientationPortrait UIInterfaceOrientationPortraitUpsideDown UIInterfaceOrientationLandscapeLeft UIInterfaceOrientationLandscapeRight";
				INFOPLIST_KEY_UISupportedInterfaceOrientations_iPhone = "UIInterfaceOrientationPortrait UIInterfaceOrientationLandscapeLeft UIInterfaceOrientationLandscapeRight";
				IPHONEOS_DEPLOYMENT_TARGET = 17.2;
				LD_RUNPATH_SEARCH_PATHS = "@executable_path/Frameworks";
				"LD_RUNPATH_SEARCH_PATHS[sdk=macosx*]" = "@executable_path/../Frameworks";
				MACOSX_DEPLOYMENT_TARGET = 13.7;
				MARKETING_VERSION = 1.0;
				PRODUCT_BUNDLE_IDENTIFIER = appdev.SnowballSP;
				PRODUCT_NAME = "$(TARGET_NAME)";
				SDKROOT = auto;
				SUPPORTED_PLATFORMS = "iphoneos iphonesimulator macosx";
				SWIFT_EMIT_LOC_STRINGS = YES;
				SWIFT_VERSION = 5.0;
				TARGETED_DEVICE_FAMILY = "1,2";
			};
			name = Debug;
		};
		5B42E6972D524E14003CA2A5 /* Release */ = {
			isa = XCBuildConfiguration;
			buildSettings = {
				ASSETCATALOG_COMPILER_APPICON_NAME = AppIcon;
				ASSETCATALOG_COMPILER_GLOBAL_ACCENT_COLOR_NAME = AccentColor;
				CODE_SIGN_ENTITLEMENTS = SnowballSP/SnowballSP.entitlements;
				CODE_SIGN_STYLE = Automatic;
				CURRENT_PROJECT_VERSION = 1;
				DEVELOPMENT_ASSET_PATHS = "\"SnowballSP/Preview Content\"";
				ENABLE_PREVIEWS = YES;
				GENERATE_INFOPLIST_FILE = YES;
				"INFOPLIST_KEY_UIApplicationSceneManifest_Generation[sdk=iphoneos*]" = YES;
				"INFOPLIST_KEY_UIApplicationSceneManifest_Generation[sdk=iphonesimulator*]" = YES;
				"INFOPLIST_KEY_UIApplicationSupportsIndirectInputEvents[sdk=iphoneos*]" = YES;
				"INFOPLIST_KEY_UIApplicationSupportsIndirectInputEvents[sdk=iphonesimulator*]" = YES;
				"INFOPLIST_KEY_UILaunchScreen_Generation[sdk=iphoneos*]" = YES;
				"INFOPLIST_KEY_UILaunchScreen_Generation[sdk=iphonesimulator*]" = YES;
				"INFOPLIST_KEY_UIStatusBarStyle[sdk=iphoneos*]" = UIStatusBarStyleDefault;
				"INFOPLIST_KEY_UIStatusBarStyle[sdk=iphonesimulator*]" = UIStatusBarStyleDefault;
				INFOPLIST_KEY_UISupportedInterfaceOrientations_iPad = "UIInterfaceOrientationPortrait UIInterfaceOrientationPortraitUpsideDown UIInterfaceOrientationLandscapeLeft UIInterfaceOrientationLandscapeRight";
				INFOPLIST_KEY_UISupportedInterfaceOrientations_iPhone = "UIInterfaceOrientationPortrait UIInterfaceOrientationLandscapeLeft UIInterfaceOrientationLandscapeRight";
				IPHONEOS_DEPLOYMENT_TARGET = 17.2;
				LD_RUNPATH_SEARCH_PATHS = "@executable_path/Frameworks";
				"LD_RUNPATH_SEARCH_PATHS[sdk=macosx*]" = "@executable_path/../Frameworks";
				MACOSX_DEPLOYMENT_TARGET = 13.7;
				MARKETING_VERSION = 1.0;
				PRODUCT_BUNDLE_IDENTIFIER = appdev.SnowballSP;
				PRODUCT_NAME = "$(TARGET_NAME)";
				SDKROOT = auto;
				SUPPORTED_PLATFORMS = "iphoneos iphonesimulator macosx";
				SWIFT_EMIT_LOC_STRINGS = YES;
				SWIFT_VERSION = 5.0;
				TARGETED_DEVICE_FAMILY = "1,2";
			};
			name = Release;
		};
		5B42E6992D524E14003CA2A5 /* Debug */ = {
			isa = XCBuildConfiguration;
			buildSettings = {
				ALWAYS_EMBED_SWIFT_STANDARD_LIBRARIES = YES;
				BUNDLE_LOADER = "$(TEST_HOST)";
				CODE_SIGN_STYLE = Automatic;
				CURRENT_PROJECT_VERSION = 1;
				GENERATE_INFOPLIST_FILE = YES;
				IPHONEOS_DEPLOYMENT_TARGET = 17.2;
				MACOSX_DEPLOYMENT_TARGET = 13.7;
				MARKETING_VERSION = 1.0;
				PRODUCT_BUNDLE_IDENTIFIER = appdev.SnowballSPTests;
				PRODUCT_NAME = "$(TARGET_NAME)";
				SDKROOT = auto;
				SUPPORTED_PLATFORMS = "iphoneos iphonesimulator macosx";
				SWIFT_EMIT_LOC_STRINGS = NO;
				SWIFT_VERSION = 5.0;
				TARGETED_DEVICE_FAMILY = "1,2";
				TEST_HOST = "$(BUILT_PRODUCTS_DIR)/SnowballSP.app/$(BUNDLE_EXECUTABLE_FOLDER_PATH)/SnowballSP";
			};
			name = Debug;
		};
		5B42E69A2D524E14003CA2A5 /* Release */ = {
			isa = XCBuildConfiguration;
			buildSettings = {
				ALWAYS_EMBED_SWIFT_STANDARD_LIBRARIES = YES;
				BUNDLE_LOADER = "$(TEST_HOST)";
				CODE_SIGN_STYLE = Automatic;
				CURRENT_PROJECT_VERSION = 1;
				GENERATE_INFOPLIST_FILE = YES;
				IPHONEOS_DEPLOYMENT_TARGET = 17.2;
				MACOSX_DEPLOYMENT_TARGET = 13.7;
				MARKETING_VERSION = 1.0;
				PRODUCT_BUNDLE_IDENTIFIER = appdev.SnowballSPTests;
				PRODUCT_NAME = "$(TARGET_NAME)";
				SDKROOT = auto;
				SUPPORTED_PLATFORMS = "iphoneos iphonesimulator macosx";
				SWIFT_EMIT_LOC_STRINGS = NO;
				SWIFT_VERSION = 5.0;
				TARGETED_DEVICE_FAMILY = "1,2";
				TEST_HOST = "$(BUILT_PRODUCTS_DIR)/SnowballSP.app/$(BUNDLE_EXECUTABLE_FOLDER_PATH)/SnowballSP";
			};
			name = Release;
		};
		5B42E69C2D524E14003CA2A5 /* Debug */ = {
			isa = XCBuildConfiguration;
			buildSettings = {
				ALWAYS_EMBED_SWIFT_STANDARD_LIBRARIES = YES;
				CODE_SIGN_STYLE = Automatic;
				CURRENT_PROJECT_VERSION = 1;
				GENERATE_INFOPLIST_FILE = YES;
				IPHONEOS_DEPLOYMENT_TARGET = 17.2;
				MACOSX_DEPLOYMENT_TARGET = 13.7;
				MARKETING_VERSION = 1.0;
				PRODUCT_BUNDLE_IDENTIFIER = appdev.SnowballSPUITests;
				PRODUCT_NAME = "$(TARGET_NAME)";
				SDKROOT = auto;
				SUPPORTED_PLATFORMS = "iphoneos iphonesimulator macosx";
				SWIFT_EMIT_LOC_STRINGS = NO;
				SWIFT_VERSION = 5.0;
				TARGETED_DEVICE_FAMILY = "1,2";
				TEST_TARGET_NAME = SnowballSP;
			};
			name = Debug;
		};
		5B42E69D2D524E14003CA2A5 /* Release */ = {
			isa = XCBuildConfiguration;
			buildSettings = {
				ALWAYS_EMBED_SWIFT_STANDARD_LIBRARIES = YES;
				CODE_SIGN_STYLE = Automatic;
				CURRENT_PROJECT_VERSION = 1;
				GENERATE_INFOPLIST_FILE = YES;
				IPHONEOS_DEPLOYMENT_TARGET = 17.2;
				MACOSX_DEPLOYMENT_TARGET = 13.7;
				MARKETING_VERSION = 1.0;
				PRODUCT_BUNDLE_IDENTIFIER = appdev.SnowballSPUITests;
				PRODUCT_NAME = "$(TARGET_NAME)";
				SDKROOT = auto;
				SUPPORTED_PLATFORMS = "iphoneos iphonesimulator macosx";
				SWIFT_EMIT_LOC_STRINGS = NO;
				SWIFT_VERSION = 5.0;
				TARGETED_DEVICE_FAMILY = "1,2";
				TEST_TARGET_NAME = SnowballSP;
			};
			name = Release;
		};
/* End XCBuildConfiguration section */

/* Begin XCConfigurationList section */
		5B42E66B2D524E12003CA2A5 /* Build configuration list for PBXProject "SnowballSP" */ = {
			isa = XCConfigurationList;
			buildConfigurations = (
				5B42E6932D524E14003CA2A5 /* Debug */,
				5B42E6942D524E14003CA2A5 /* Release */,
			);
			defaultConfigurationIsVisible = 0;
			defaultConfigurationName = Release;
		};
		5B42E6952D524E14003CA2A5 /* Build configuration list for PBXNativeTarget "SnowballSP" */ = {
			isa = XCConfigurationList;
			buildConfigurations = (
				5B42E6962D524E14003CA2A5 /* Debug */,
				5B42E6972D524E14003CA2A5 /* Release */,
			);
			defaultConfigurationIsVisible = 0;
			defaultConfigurationName = Release;
		};
		5B42E6982D524E14003CA2A5 /* Build configuration list for PBXNativeTarget "SnowballSPTests" */ = {
			isa = XCConfigurationList;
			buildConfigurations = (
				5B42E6992D524E14003CA2A5 /* Debug */,
				5B42E69A2D524E14003CA2A5 /* Release */,
			);
			defaultConfigurationIsVisible = 0;
			defaultConfigurationName = Release;
		};
		5B42E69B2D524E14003CA2A5 /* Build configuration list for PBXNativeTarget "SnowballSPUITests" */ = {
			isa = XCConfigurationList;
			buildConfigurations = (
				5B42E69C2D524E14003CA2A5 /* Debug */,
				5B42E69D2D524E14003CA2A5 /* Release */,
			);
			defaultConfigurationIsVisible = 0;
			defaultConfigurationName = Release;
		};
/* End XCConfigurationList section */
	};
	rootObject = 5B42E6682D524E12003CA2A5 /* Project object */;
}
